
Microsoft Visual Studio Solution File, Format Version 12.00
# Visual Studio Version 17
VisualStudioVersion = 17.13.35931.197 d17.13
MinimumVisualStudioVersion = 10.0.40219.1
Project("{FAE04EC0-301F-11D3-BF4B-00C04F79EFBC}") = "practice", "practice.csproj", "{920A2D8D-63FE-4E5C-AC30-1D493DA9BAC8}"
EndProject
Global
	GlobalSection(SolutionConfigurationPlatforms) = preSolution
		Debug|Any CPU = Debug|Any CPU
		Release|Any CPU = Release|Any CPU
	EndGlobalSection
	GlobalSection(ProjectConfigurationPlatforms) = postSolution
		{920A2D8D-63FE-4E5C-AC30-1D493DA9BAC8}.Debug|Any CPU.ActiveCfg = Debug|Any CPU
		{920A2D8D-63FE-4E5C-AC30-1D493DA9BAC8}.Debug|Any CPU.Build.0 = Debug|Any CPU
		{920A2D8D-63FE-4E5C-AC30-1D493DA9BAC8}.Release|Any CPU.ActiveCfg = Release|Any CPU
		{920A2D8D-63FE-4E5C-AC30-1D493DA9BAC8}.Release|Any CPU.Build.0 = Release|Any CPU
	EndGlobalSection
	GlobalSection(SolutionProperties) = preSolution
		HideSolutionNode = FALSE
	EndGlobalSection
	GlobalSection(ExtensibilityGlobals) = postSolution
		SolutionGuid = {B08B4EE9-F3A7-4D97-A256-585155141375}
	EndGlobalSection
EndGlobal
